
Microsoft Visual Studio Solution File, Format Version 12.00
# Visual Studio Version 17
VisualStudioVersion = 17.8.34330.188
MinimumVisualStudioVersion = 10.0.40219.1
Project("{2150E333-8FDC-42A3-9474-1A3956D46DE8}") = "src", "src", "{DB423AFF-0255-4FEB-9AC6-8302541CEB78}"
EndProject
Project("{9A19103F-16F7-4668-BE54-9A1E7A4F7556}") = "Auctions.Api", "src\Auctions.Api\Auctions.Api.csproj", "{931CCC8D-3A79-4EB3-87C8-168302E03200}"
EndProject
Project("{E53339B2-1760-4266-BCC7-CA923CBCF16C}") = "docker-compose", "docker-compose.dcproj", "{73DA4EA2-59F6-422F-A97E-653BE348DB4D}"
EndProject
Global
	GlobalSection(SolutionConfigurationPlatforms) = preSolution
		Debug|Any CPU = Debug|Any CPU
		Release|Any CPU = Release|Any CPU
	EndGlobalSection
	GlobalSection(ProjectConfigurationPlatforms) = postSolution
		{931CCC8D-3A79-4EB3-87C8-168302E03200}.Debug|Any CPU.ActiveCfg = Debug|Any CPU
		{931CCC8D-3A79-4EB3-87C8-168302E03200}.Debug|Any CPU.Build.0 = Debug|Any CPU
		{931CCC8D-3A79-4EB3-87C8-168302E03200}.Release|Any CPU.ActiveCfg = Release|Any CPU
		{931CCC8D-3A79-4EB3-87C8-168302E03200}.Release|Any CPU.Build.0 = Release|Any CPU
		{73DA4EA2-59F6-422F-A97E-653BE348DB4D}.Debug|Any CPU.ActiveCfg = Debug|Any CPU
		{73DA4EA2-59F6-422F-A97E-653BE348DB4D}.Debug|Any CPU.Build.0 = Debug|Any CPU
		{73DA4EA2-59F6-422F-A97E-653BE348DB4D}.Release|Any CPU.ActiveCfg = Release|Any CPU
		{73DA4EA2-59F6-422F-A97E-653BE348DB4D}.Release|Any CPU.Build.0 = Release|Any CPU
	EndGlobalSection
	GlobalSection(SolutionProperties) = preSolution
		HideSolutionNode = FALSE
	EndGlobalSection
	GlobalSection(NestedProjects) = preSolution
		{931CCC8D-3A79-4EB3-87C8-168302E03200} = {DB423AFF-0255-4FEB-9AC6-8302541CEB78}
	EndGlobalSection
	GlobalSection(ExtensibilityGlobals) = postSolution
		SolutionGuid = {10B46B9B-7C5A-4C0B-B3E3-EAC700CBD0BA}
	EndGlobalSection
EndGlobal
