
Microsoft Visual Studio Solution File, Format Version 12.00
# Visual Studio Version 17
VisualStudioVersion = 17.8.34330.188
MinimumVisualStudioVersion = 10.0.40219.1
Project("{2150E333-8FDC-42A3-9474-1A3956D46DE8}") = "src", "src", "{DB423AFF-0255-4FEB-9AC6-8302541CEB78}"
EndProject
Project("{9A19103F-16F7-4668-BE54-9A1E7A4F7556}") = "Auctions.Api", "src\Auctions.Api\Auctions.Api.csproj", "{931CCC8D-3A79-4EB3-87C8-168302E03200}"
EndProject
Project("{E53339B2-1760-4266-BCC7-CA923CBCF16C}") = "docker-compose", "docker-compose.dcproj", "{73DA4EA2-59F6-422F-A97E-653BE348DB4D}"
EndProject
Project("{9A19103F-16F7-4668-BE54-9A1E7A4F7556}") = "eBidPubSubUtilities", "src\eBidPubSubUtilities\eBidPubSubUtilities.csproj", "{B5529CD1-B56F-4F62-BE2E-DF6255CC5290}"
EndProject
Project("{9A19103F-16F7-4668-BE54-9A1E7A4F7556}") = "Search.Api", "src\Search.Api\Search.Api.csproj", "{41CE9FD7-37CE-4041-BBA4-CCACE3ED9465}"
EndProject
Project("{FAE04EC0-301F-11D3-BF4B-00C04F79EFBC}") = "Auctions.Idp", "src\Auctions.Idp\Auctions.Idp.csproj", "{E5ED39B2-48AC-47F7-AB56-67DD1AE1F6F4}"
EndProject
Global
	GlobalSection(SolutionConfigurationPlatforms) = preSolution
		Debug|Any CPU = Debug|Any CPU
		Release|Any CPU = Release|Any CPU
	EndGlobalSection
	GlobalSection(ProjectConfigurationPlatforms) = postSolution
		{931CCC8D-3A79-4EB3-87C8-168302E03200}.Debug|Any CPU.ActiveCfg = Debug|Any CPU
		{931CCC8D-3A79-4EB3-87C8-168302E03200}.Debug|Any CPU.Build.0 = Debug|Any CPU
		{931CCC8D-3A79-4EB3-87C8-168302E03200}.Release|Any CPU.ActiveCfg = Release|Any CPU
		{931CCC8D-3A79-4EB3-87C8-168302E03200}.Release|Any CPU.Build.0 = Release|Any CPU
		{73DA4EA2-59F6-422F-A97E-653BE348DB4D}.Debug|Any CPU.ActiveCfg = Debug|Any CPU
		{73DA4EA2-59F6-422F-A97E-653BE348DB4D}.Debug|Any CPU.Build.0 = Debug|Any CPU
		{73DA4EA2-59F6-422F-A97E-653BE348DB4D}.Release|Any CPU.ActiveCfg = Release|Any CPU
		{73DA4EA2-59F6-422F-A97E-653BE348DB4D}.Release|Any CPU.Build.0 = Release|Any CPU
		{B5529CD1-B56F-4F62-BE2E-DF6255CC5290}.Debug|Any CPU.ActiveCfg = Debug|Any CPU
		{B5529CD1-B56F-4F62-BE2E-DF6255CC5290}.Debug|Any CPU.Build.0 = Debug|Any CPU
		{B5529CD1-B56F-4F62-BE2E-DF6255CC5290}.Release|Any CPU.ActiveCfg = Release|Any CPU
		{B5529CD1-B56F-4F62-BE2E-DF6255CC5290}.Release|Any CPU.Build.0 = Release|Any CPU
		{41CE9FD7-37CE-4041-BBA4-CCACE3ED9465}.Debug|Any CPU.ActiveCfg = Debug|Any CPU
		{41CE9FD7-37CE-4041-BBA4-CCACE3ED9465}.Debug|Any CPU.Build.0 = Debug|Any CPU
		{41CE9FD7-37CE-4041-BBA4-CCACE3ED9465}.Release|Any CPU.ActiveCfg = Release|Any CPU
		{41CE9FD7-37CE-4041-BBA4-CCACE3ED9465}.Release|Any CPU.Build.0 = Release|Any CPU
		{E5ED39B2-48AC-47F7-AB56-67DD1AE1F6F4}.Debug|Any CPU.ActiveCfg = Debug|Any CPU
		{E5ED39B2-48AC-47F7-AB56-67DD1AE1F6F4}.Debug|Any CPU.Build.0 = Debug|Any CPU
		{E5ED39B2-48AC-47F7-AB56-67DD1AE1F6F4}.Release|Any CPU.ActiveCfg = Release|Any CPU
		{E5ED39B2-48AC-47F7-AB56-67DD1AE1F6F4}.Release|Any CPU.Build.0 = Release|Any CPU
	EndGlobalSection
	GlobalSection(SolutionProperties) = preSolution
		HideSolutionNode = FALSE
	EndGlobalSection
	GlobalSection(NestedProjects) = preSolution
		{931CCC8D-3A79-4EB3-87C8-168302E03200} = {DB423AFF-0255-4FEB-9AC6-8302541CEB78}
		{B5529CD1-B56F-4F62-BE2E-DF6255CC5290} = {DB423AFF-0255-4FEB-9AC6-8302541CEB78}
		{41CE9FD7-37CE-4041-BBA4-CCACE3ED9465} = {DB423AFF-0255-4FEB-9AC6-8302541CEB78}
		{E5ED39B2-48AC-47F7-AB56-67DD1AE1F6F4} = {DB423AFF-0255-4FEB-9AC6-8302541CEB78}
	EndGlobalSection
	GlobalSection(ExtensibilityGlobals) = postSolution
		SolutionGuid = {10B46B9B-7C5A-4C0B-B3E3-EAC700CBD0BA}
	EndGlobalSection
EndGlobal
